
Microsoft Visual Studio Solution File, Format Version 12.00
# Visual Studio 2017
Project("{FAE04EC0-301F-11D3-BF4B-00C04F79EFBC}") = "KidShala_v1.0", "KidShala_v1.0.csproj", "{8C6FCBDD-6AD9-9911-0C6E-ED7A07462D93}"
EndProject
Project("{FAE04EC0-301F-11D3-BF4B-00C04F79EFBC}") = "KidShala_v1.0.Editor", "KidShala_v1.0.Editor.csproj", "{15C5D73A-6B59-C122-559F-B6CE2B499B6E}"
EndProject
Global
	GlobalSection(SolutionConfigurationPlatforms) = preSolution
		Debug|Any CPU = Debug|Any CPU
		Release|Any CPU = Release|Any CPU
	EndGlobalSection
	GlobalSection(ProjectConfigurationPlatforms) = postSolution
		{8C6FCBDD-6AD9-9911-0C6E-ED7A07462D93}.Debug|Any CPU.ActiveCfg = Debug|Any CPU
		{8C6FCBDD-6AD9-9911-0C6E-ED7A07462D93}.Debug|Any CPU.Build.0 = Debug|Any CPU
		{8C6FCBDD-6AD9-9911-0C6E-ED7A07462D93}.Release|Any CPU.ActiveCfg = Release|Any CPU
		{8C6FCBDD-6AD9-9911-0C6E-ED7A07462D93}.Release|Any CPU.Build.0 = Release|Any CPU
		{15C5D73A-6B59-C122-559F-B6CE2B499B6E}.Debug|Any CPU.ActiveCfg = Debug|Any CPU
		{15C5D73A-6B59-C122-559F-B6CE2B499B6E}.Debug|Any CPU.Build.0 = Debug|Any CPU
		{15C5D73A-6B59-C122-559F-B6CE2B499B6E}.Release|Any CPU.ActiveCfg = Release|Any CPU
		{15C5D73A-6B59-C122-559F-B6CE2B499B6E}.Release|Any CPU.Build.0 = Release|Any CPU
	EndGlobalSection
	GlobalSection(SolutionProperties) = preSolution
		HideSolutionNode = FALSE
	EndGlobalSection
EndGlobal
